
Microsoft Visual Studio Solution File, Format Version 12.00
Project("{FAE04EC0-301F-11D3-BF4B-00C04F79EFBC}") = "Kombats.Auth.Api", "Kombats.Auth.Api\Kombats.Auth.Api.csproj", "{EB3EFD2D-B449-4100-8A10-111B388B4D9C}"
EndProject
Project("{FAE04EC0-301F-11D3-BF4B-00C04F79EFBC}") = "Kombats.Auth.Infrastructure", "Kombats.Auth.Infrastructure\Kombats.Auth.Infrastructure.csproj", "{9D45FB8F-FA25-476E-BB8A-45D4D7149EA2}"
EndProject
Project("{FAE04EC0-301F-11D3-BF4B-00C04F79EFBC}") = "Kombats.Auth.Domain", "Kombats.Auth.Domain\Kombats.Auth.Domain.csproj", "{83FB32F9-F6FC-4905-B57D-93BC1FB02C5C}"
EndProject
Project("{FAE04EC0-301F-11D3-BF4B-00C04F79EFBC}") = "Kombats.Auth.Application", "Kombats.Auth.Application\Kombats.Auth.Application.csproj", "{5E6F05FE-B90A-4694-BC0F-8540B2C85B05}"
EndProject
Project("{2150E333-8FDC-42A3-9474-1A3956D46DE8}") = "Common", "Common", "{91A32D00-73F3-4D31-9FE5-701445C0C553}"
EndProject
Project("{FAE04EC0-301F-11D3-BF4B-00C04F79EFBC}") = "Kombats.Shared", "..\Kombats.Shared\Kombats.Shared\Kombats.Shared.csproj", "{BF3BBA05-6F99-4CAD-BF4B-DD42E6FF5AB6}"
EndProject
Global
	GlobalSection(SolutionConfigurationPlatforms) = preSolution
		Debug|Any CPU = Debug|Any CPU
		Release|Any CPU = Release|Any CPU
	EndGlobalSection
	GlobalSection(ProjectConfigurationPlatforms) = postSolution
		{EB3EFD2D-B449-4100-8A10-111B388B4D9C}.Debug|Any CPU.ActiveCfg = Debug|Any CPU
		{EB3EFD2D-B449-4100-8A10-111B388B4D9C}.Debug|Any CPU.Build.0 = Debug|Any CPU
		{EB3EFD2D-B449-4100-8A10-111B388B4D9C}.Release|Any CPU.ActiveCfg = Release|Any CPU
		{EB3EFD2D-B449-4100-8A10-111B388B4D9C}.Release|Any CPU.Build.0 = Release|Any CPU
		{9D45FB8F-FA25-476E-BB8A-45D4D7149EA2}.Debug|Any CPU.ActiveCfg = Debug|Any CPU
		{9D45FB8F-FA25-476E-BB8A-45D4D7149EA2}.Debug|Any CPU.Build.0 = Debug|Any CPU
		{9D45FB8F-FA25-476E-BB8A-45D4D7149EA2}.Release|Any CPU.ActiveCfg = Release|Any CPU
		{9D45FB8F-FA25-476E-BB8A-45D4D7149EA2}.Release|Any CPU.Build.0 = Release|Any CPU
		{83FB32F9-F6FC-4905-B57D-93BC1FB02C5C}.Debug|Any CPU.ActiveCfg = Debug|Any CPU
		{83FB32F9-F6FC-4905-B57D-93BC1FB02C5C}.Debug|Any CPU.Build.0 = Debug|Any CPU
		{83FB32F9-F6FC-4905-B57D-93BC1FB02C5C}.Release|Any CPU.ActiveCfg = Release|Any CPU
		{83FB32F9-F6FC-4905-B57D-93BC1FB02C5C}.Release|Any CPU.Build.0 = Release|Any CPU
		{5E6F05FE-B90A-4694-BC0F-8540B2C85B05}.Debug|Any CPU.ActiveCfg = Debug|Any CPU
		{5E6F05FE-B90A-4694-BC0F-8540B2C85B05}.Debug|Any CPU.Build.0 = Debug|Any CPU
		{5E6F05FE-B90A-4694-BC0F-8540B2C85B05}.Release|Any CPU.ActiveCfg = Release|Any CPU
		{5E6F05FE-B90A-4694-BC0F-8540B2C85B05}.Release|Any CPU.Build.0 = Release|Any CPU
		{BF3BBA05-6F99-4CAD-BF4B-DD42E6FF5AB6}.Debug|Any CPU.ActiveCfg = Debug|Any CPU
		{BF3BBA05-6F99-4CAD-BF4B-DD42E6FF5AB6}.Debug|Any CPU.Build.0 = Debug|Any CPU
		{BF3BBA05-6F99-4CAD-BF4B-DD42E6FF5AB6}.Release|Any CPU.ActiveCfg = Release|Any CPU
		{BF3BBA05-6F99-4CAD-BF4B-DD42E6FF5AB6}.Release|Any CPU.Build.0 = Release|Any CPU
	EndGlobalSection
	GlobalSection(NestedProjects) = preSolution
		{BF3BBA05-6F99-4CAD-BF4B-DD42E6FF5AB6} = {91A32D00-73F3-4D31-9FE5-701445C0C553}
	EndGlobalSection
EndGlobal
