<Solution>
  <Folder Name="/Shared/">
    <Project Path="../Kombats.Shared/Kombats.Shared/Kombats.Shared.csproj" />
  </Folder>
  <Project Path="Kombats.Infrastructure/Kombats.Infrastructure.csproj" />
  <Project Path="Kombats.Players.Api/Kombats.Players.Api.csproj" />
  <Project Path="Kombats.Players.Application/Kombats.Players.Application.csproj" />
  <Project Path="Kombats.Players.Domain/Kombats.Players.Domain.csproj" />
</Solution>
