
Microsoft Visual Studio Solution File, Format Version 12.00
# Visual Studio Version 17
VisualStudioVersion = 17.0.31903.59
MinimumVisualStudioVersion = 10.0.40219.1
Project("{2150E333-8FDC-42A3-9474-1A3956D46DE8}") = "src", "src", "{827E0CD3-B72D-47B6-A68D-7590B98EB39B}"
EndProject
Project("{2150E333-8FDC-42A3-9474-1A3956D46DE8}") = "tests", "tests", "{AE08A63B-4524-423B-BC31-E5C4624D4758}"
EndProject
Project("{2150E333-8FDC-42A3-9474-1A3956D46DE8}") = "Kombats.Common", "Kombats.Common", "{93C73865-C278-4144-A8D7-9C186D57547F}"
EndProject
Project("{FAE04EC0-301F-11D3-BF4B-00C04F79EFBC}") = "Kombats.Infrastructure.Messaging", "..\Kombats.Common\Kombats.Infrastructure.Messaging\Kombats.Infrastructure.Messaging.csproj", "{009C9D5E-CCBB-40B2-ACB5-E71BC6FA9AE3}"
EndProject
Project("{FAE04EC0-301F-11D3-BF4B-00C04F79EFBC}") = "Kombats.Battle.Api", "Kombats.Battle.Api\Kombats.Battle.Api.csproj", "{2661296F-E476-4C64-B3A0-575B11BEC440}"
EndProject
Project("{FAE04EC0-301F-11D3-BF4B-00C04F79EFBC}") = "Kombats.Battle.Application", "Kombats.Battle.Application\Kombats.Battle.Application.csproj", "{310D43C7-22FC-4BD7-B99D-441F8B725284}"
EndProject
Project("{FAE04EC0-301F-11D3-BF4B-00C04F79EFBC}") = "Kombats.Battle.Domain", "Kombats.Battle.Domain\Kombats.Battle.Domain.csproj", "{7F14767B-C887-4348-ADEA-E62D9984AC59}"
EndProject
Project("{FAE04EC0-301F-11D3-BF4B-00C04F79EFBC}") = "Kombats.Battle.Infrastructure", "Kombats.Battle.Infrastructure\Kombats.Battle.Infrastructure.csproj", "{450DBB0F-BE4B-493D-A17E-BC8036C69CE8}"
EndProject
Project("{FAE04EC0-301F-11D3-BF4B-00C04F79EFBC}") = "Kombats.Battle.Realtime.Contracts", "Kombats.Battle.Realtime.Contracts\Kombats.Battle.Realtime.Contracts.csproj", "{14C645C0-5BF7-4C62-A498-60FBF0D5B439}"
EndProject
Project("{FAE04EC0-301F-11D3-BF4B-00C04F79EFBC}") = "Kombats.Battle.Application.Tests", "..\..\tests\Kombats.Battle.Application.Tests\Kombats.Battle.Application.Tests.csproj", "{95B0BF10-2606-48A0-BCD9-0E79A218FEBC}"
EndProject
Project("{FAE04EC0-301F-11D3-BF4B-00C04F79EFBC}") = "Kombats.Battle.Infrastructure.Tests", "..\..\tests\Kombats.Battle.Infrastructure.Tests\Kombats.Battle.Infrastructure.Tests.csproj", "{C4ADAF98-FB45-4671-9450-87B9344C103C}"
EndProject
Project("{FAE04EC0-301F-11D3-BF4B-00C04F79EFBC}") = "Kombats.Battle.Contracts", "Kombats.Battle.Contracts\Kombats.Battle.Contracts.csproj", "{5E628B04-26F5-41E1-932E-34AD52FE511B}"
EndProject
Global
	GlobalSection(SolutionConfigurationPlatforms) = preSolution
		Debug|Any CPU = Debug|Any CPU
		Debug|x64 = Debug|x64
		Debug|x86 = Debug|x86
		Release|Any CPU = Release|Any CPU
		Release|x64 = Release|x64
		Release|x86 = Release|x86
	EndGlobalSection
	GlobalSection(ProjectConfigurationPlatforms) = postSolution
		{009C9D5E-CCBB-40B2-ACB5-E71BC6FA9AE3}.Debug|Any CPU.ActiveCfg = Debug|Any CPU
		{009C9D5E-CCBB-40B2-ACB5-E71BC6FA9AE3}.Debug|Any CPU.Build.0 = Debug|Any CPU
		{009C9D5E-CCBB-40B2-ACB5-E71BC6FA9AE3}.Debug|x64.ActiveCfg = Debug|Any CPU
		{009C9D5E-CCBB-40B2-ACB5-E71BC6FA9AE3}.Debug|x64.Build.0 = Debug|Any CPU
		{009C9D5E-CCBB-40B2-ACB5-E71BC6FA9AE3}.Debug|x86.ActiveCfg = Debug|Any CPU
		{009C9D5E-CCBB-40B2-ACB5-E71BC6FA9AE3}.Debug|x86.Build.0 = Debug|Any CPU
		{009C9D5E-CCBB-40B2-ACB5-E71BC6FA9AE3}.Release|Any CPU.ActiveCfg = Release|Any CPU
		{009C9D5E-CCBB-40B2-ACB5-E71BC6FA9AE3}.Release|Any CPU.Build.0 = Release|Any CPU
		{009C9D5E-CCBB-40B2-ACB5-E71BC6FA9AE3}.Release|x64.ActiveCfg = Release|Any CPU
		{009C9D5E-CCBB-40B2-ACB5-E71BC6FA9AE3}.Release|x64.Build.0 = Release|Any CPU
		{009C9D5E-CCBB-40B2-ACB5-E71BC6FA9AE3}.Release|x86.ActiveCfg = Release|Any CPU
		{009C9D5E-CCBB-40B2-ACB5-E71BC6FA9AE3}.Release|x86.Build.0 = Release|Any CPU
		{2661296F-E476-4C64-B3A0-575B11BEC440}.Debug|Any CPU.ActiveCfg = Debug|Any CPU
		{2661296F-E476-4C64-B3A0-575B11BEC440}.Debug|Any CPU.Build.0 = Debug|Any CPU
		{2661296F-E476-4C64-B3A0-575B11BEC440}.Debug|x64.ActiveCfg = Debug|Any CPU
		{2661296F-E476-4C64-B3A0-575B11BEC440}.Debug|x64.Build.0 = Debug|Any CPU
		{2661296F-E476-4C64-B3A0-575B11BEC440}.Debug|x86.ActiveCfg = Debug|Any CPU
		{2661296F-E476-4C64-B3A0-575B11BEC440}.Debug|x86.Build.0 = Debug|Any CPU
		{2661296F-E476-4C64-B3A0-575B11BEC440}.Release|Any CPU.ActiveCfg = Release|Any CPU
		{2661296F-E476-4C64-B3A0-575B11BEC440}.Release|Any CPU.Build.0 = Release|Any CPU
		{2661296F-E476-4C64-B3A0-575B11BEC440}.Release|x64.ActiveCfg = Release|Any CPU
		{2661296F-E476-4C64-B3A0-575B11BEC440}.Release|x64.Build.0 = Release|Any CPU
		{2661296F-E476-4C64-B3A0-575B11BEC440}.Release|x86.ActiveCfg = Release|Any CPU
		{2661296F-E476-4C64-B3A0-575B11BEC440}.Release|x86.Build.0 = Release|Any CPU
		{310D43C7-22FC-4BD7-B99D-441F8B725284}.Debug|Any CPU.ActiveCfg = Debug|Any CPU
		{310D43C7-22FC-4BD7-B99D-441F8B725284}.Debug|Any CPU.Build.0 = Debug|Any CPU
		{310D43C7-22FC-4BD7-B99D-441F8B725284}.Debug|x64.ActiveCfg = Debug|Any CPU
		{310D43C7-22FC-4BD7-B99D-441F8B725284}.Debug|x64.Build.0 = Debug|Any CPU
		{310D43C7-22FC-4BD7-B99D-441F8B725284}.Debug|x86.ActiveCfg = Debug|Any CPU
		{310D43C7-22FC-4BD7-B99D-441F8B725284}.Debug|x86.Build.0 = Debug|Any CPU
		{310D43C7-22FC-4BD7-B99D-441F8B725284}.Release|Any CPU.ActiveCfg = Release|Any CPU
		{310D43C7-22FC-4BD7-B99D-441F8B725284}.Release|Any CPU.Build.0 = Release|Any CPU
		{310D43C7-22FC-4BD7-B99D-441F8B725284}.Release|x64.ActiveCfg = Release|Any CPU
		{310D43C7-22FC-4BD7-B99D-441F8B725284}.Release|x64.Build.0 = Release|Any CPU
		{310D43C7-22FC-4BD7-B99D-441F8B725284}.Release|x86.ActiveCfg = Release|Any CPU
		{310D43C7-22FC-4BD7-B99D-441F8B725284}.Release|x86.Build.0 = Release|Any CPU
		{7F14767B-C887-4348-ADEA-E62D9984AC59}.Debug|Any CPU.ActiveCfg = Debug|Any CPU
		{7F14767B-C887-4348-ADEA-E62D9984AC59}.Debug|Any CPU.Build.0 = Debug|Any CPU
		{7F14767B-C887-4348-ADEA-E62D9984AC59}.Debug|x64.ActiveCfg = Debug|Any CPU
		{7F14767B-C887-4348-ADEA-E62D9984AC59}.Debug|x64.Build.0 = Debug|Any CPU
		{7F14767B-C887-4348-ADEA-E62D9984AC59}.Debug|x86.ActiveCfg = Debug|Any CPU
		{7F14767B-C887-4348-ADEA-E62D9984AC59}.Debug|x86.Build.0 = Debug|Any CPU
		{7F14767B-C887-4348-ADEA-E62D9984AC59}.Release|Any CPU.ActiveCfg = Release|Any CPU
		{7F14767B-C887-4348-ADEA-E62D9984AC59}.Release|Any CPU.Build.0 = Release|Any CPU
		{7F14767B-C887-4348-ADEA-E62D9984AC59}.Release|x64.ActiveCfg = Release|Any CPU
		{7F14767B-C887-4348-ADEA-E62D9984AC59}.Release|x64.Build.0 = Release|Any CPU
		{7F14767B-C887-4348-ADEA-E62D9984AC59}.Release|x86.ActiveCfg = Release|Any CPU
		{7F14767B-C887-4348-ADEA-E62D9984AC59}.Release|x86.Build.0 = Release|Any CPU
		{450DBB0F-BE4B-493D-A17E-BC8036C69CE8}.Debug|Any CPU.ActiveCfg = Debug|Any CPU
		{450DBB0F-BE4B-493D-A17E-BC8036C69CE8}.Debug|Any CPU.Build.0 = Debug|Any CPU
		{450DBB0F-BE4B-493D-A17E-BC8036C69CE8}.Debug|x64.ActiveCfg = Debug|Any CPU
		{450DBB0F-BE4B-493D-A17E-BC8036C69CE8}.Debug|x64.Build.0 = Debug|Any CPU
		{450DBB0F-BE4B-493D-A17E-BC8036C69CE8}.Debug|x86.ActiveCfg = Debug|Any CPU
		{450DBB0F-BE4B-493D-A17E-BC8036C69CE8}.Debug|x86.Build.0 = Debug|Any CPU
		{450DBB0F-BE4B-493D-A17E-BC8036C69CE8}.Release|Any CPU.ActiveCfg = Release|Any CPU
		{450DBB0F-BE4B-493D-A17E-BC8036C69CE8}.Release|Any CPU.Build.0 = Release|Any CPU
		{450DBB0F-BE4B-493D-A17E-BC8036C69CE8}.Release|x64.ActiveCfg = Release|Any CPU
		{450DBB0F-BE4B-493D-A17E-BC8036C69CE8}.Release|x64.Build.0 = Release|Any CPU
		{450DBB0F-BE4B-493D-A17E-BC8036C69CE8}.Release|x86.ActiveCfg = Release|Any CPU
		{450DBB0F-BE4B-493D-A17E-BC8036C69CE8}.Release|x86.Build.0 = Release|Any CPU
		{14C645C0-5BF7-4C62-A498-60FBF0D5B439}.Debug|Any CPU.ActiveCfg = Debug|Any CPU
		{14C645C0-5BF7-4C62-A498-60FBF0D5B439}.Debug|Any CPU.Build.0 = Debug|Any CPU
		{14C645C0-5BF7-4C62-A498-60FBF0D5B439}.Debug|x64.ActiveCfg = Debug|Any CPU
		{14C645C0-5BF7-4C62-A498-60FBF0D5B439}.Debug|x64.Build.0 = Debug|Any CPU
		{14C645C0-5BF7-4C62-A498-60FBF0D5B439}.Debug|x86.ActiveCfg = Debug|Any CPU
		{14C645C0-5BF7-4C62-A498-60FBF0D5B439}.Debug|x86.Build.0 = Debug|Any CPU
		{14C645C0-5BF7-4C62-A498-60FBF0D5B439}.Release|Any CPU.ActiveCfg = Release|Any CPU
		{14C645C0-5BF7-4C62-A498-60FBF0D5B439}.Release|Any CPU.Build.0 = Release|Any CPU
		{14C645C0-5BF7-4C62-A498-60FBF0D5B439}.Release|x64.ActiveCfg = Release|Any CPU
		{14C645C0-5BF7-4C62-A498-60FBF0D5B439}.Release|x64.Build.0 = Release|Any CPU
		{14C645C0-5BF7-4C62-A498-60FBF0D5B439}.Release|x86.ActiveCfg = Release|Any CPU
		{14C645C0-5BF7-4C62-A498-60FBF0D5B439}.Release|x86.Build.0 = Release|Any CPU
		{95B0BF10-2606-48A0-BCD9-0E79A218FEBC}.Debug|Any CPU.ActiveCfg = Debug|Any CPU
		{95B0BF10-2606-48A0-BCD9-0E79A218FEBC}.Debug|Any CPU.Build.0 = Debug|Any CPU
		{95B0BF10-2606-48A0-BCD9-0E79A218FEBC}.Debug|x64.ActiveCfg = Debug|Any CPU
		{95B0BF10-2606-48A0-BCD9-0E79A218FEBC}.Debug|x64.Build.0 = Debug|Any CPU
		{95B0BF10-2606-48A0-BCD9-0E79A218FEBC}.Debug|x86.ActiveCfg = Debug|Any CPU
		{95B0BF10-2606-48A0-BCD9-0E79A218FEBC}.Debug|x86.Build.0 = Debug|Any CPU
		{95B0BF10-2606-48A0-BCD9-0E79A218FEBC}.Release|Any CPU.ActiveCfg = Release|Any CPU
		{95B0BF10-2606-48A0-BCD9-0E79A218FEBC}.Release|Any CPU.Build.0 = Release|Any CPU
		{95B0BF10-2606-48A0-BCD9-0E79A218FEBC}.Release|x64.ActiveCfg = Release|Any CPU
		{95B0BF10-2606-48A0-BCD9-0E79A218FEBC}.Release|x64.Build.0 = Release|Any CPU
		{95B0BF10-2606-48A0-BCD9-0E79A218FEBC}.Release|x86.ActiveCfg = Release|Any CPU
		{95B0BF10-2606-48A0-BCD9-0E79A218FEBC}.Release|x86.Build.0 = Release|Any CPU
		{C4ADAF98-FB45-4671-9450-87B9344C103C}.Debug|Any CPU.ActiveCfg = Debug|Any CPU
		{C4ADAF98-FB45-4671-9450-87B9344C103C}.Debug|Any CPU.Build.0 = Debug|Any CPU
		{C4ADAF98-FB45-4671-9450-87B9344C103C}.Debug|x64.ActiveCfg = Debug|Any CPU
		{C4ADAF98-FB45-4671-9450-87B9344C103C}.Debug|x64.Build.0 = Debug|Any CPU
		{C4ADAF98-FB45-4671-9450-87B9344C103C}.Debug|x86.ActiveCfg = Debug|Any CPU
		{C4ADAF98-FB45-4671-9450-87B9344C103C}.Debug|x86.Build.0 = Debug|Any CPU
		{C4ADAF98-FB45-4671-9450-87B9344C103C}.Release|Any CPU.ActiveCfg = Release|Any CPU
		{C4ADAF98-FB45-4671-9450-87B9344C103C}.Release|Any CPU.Build.0 = Release|Any CPU
		{C4ADAF98-FB45-4671-9450-87B9344C103C}.Release|x64.ActiveCfg = Release|Any CPU
		{C4ADAF98-FB45-4671-9450-87B9344C103C}.Release|x64.Build.0 = Release|Any CPU
		{C4ADAF98-FB45-4671-9450-87B9344C103C}.Release|x86.ActiveCfg = Release|Any CPU
		{C4ADAF98-FB45-4671-9450-87B9344C103C}.Release|x86.Build.0 = Release|Any CPU
		{5E628B04-26F5-41E1-932E-34AD52FE511B}.Debug|Any CPU.ActiveCfg = Debug|Any CPU
		{5E628B04-26F5-41E1-932E-34AD52FE511B}.Debug|Any CPU.Build.0 = Debug|Any CPU
		{5E628B04-26F5-41E1-932E-34AD52FE511B}.Debug|x64.ActiveCfg = Debug|Any CPU
		{5E628B04-26F5-41E1-932E-34AD52FE511B}.Debug|x64.Build.0 = Debug|Any CPU
		{5E628B04-26F5-41E1-932E-34AD52FE511B}.Debug|x86.ActiveCfg = Debug|Any CPU
		{5E628B04-26F5-41E1-932E-34AD52FE511B}.Debug|x86.Build.0 = Debug|Any CPU
		{5E628B04-26F5-41E1-932E-34AD52FE511B}.Release|Any CPU.ActiveCfg = Release|Any CPU
		{5E628B04-26F5-41E1-932E-34AD52FE511B}.Release|Any CPU.Build.0 = Release|Any CPU
		{5E628B04-26F5-41E1-932E-34AD52FE511B}.Release|x64.ActiveCfg = Release|Any CPU
		{5E628B04-26F5-41E1-932E-34AD52FE511B}.Release|x64.Build.0 = Release|Any CPU
		{5E628B04-26F5-41E1-932E-34AD52FE511B}.Release|x86.ActiveCfg = Release|Any CPU
		{5E628B04-26F5-41E1-932E-34AD52FE511B}.Release|x86.Build.0 = Release|Any CPU
	EndGlobalSection
	GlobalSection(SolutionProperties) = preSolution
		HideSolutionNode = FALSE
	EndGlobalSection
	GlobalSection(NestedProjects) = preSolution
		{009C9D5E-CCBB-40B2-ACB5-E71BC6FA9AE3} = {93C73865-C278-4144-A8D7-9C186D57547F}
		{2661296F-E476-4C64-B3A0-575B11BEC440} = {827E0CD3-B72D-47B6-A68D-7590B98EB39B}
		{310D43C7-22FC-4BD7-B99D-441F8B725284} = {827E0CD3-B72D-47B6-A68D-7590B98EB39B}
		{7F14767B-C887-4348-ADEA-E62D9984AC59} = {827E0CD3-B72D-47B6-A68D-7590B98EB39B}
		{450DBB0F-BE4B-493D-A17E-BC8036C69CE8} = {827E0CD3-B72D-47B6-A68D-7590B98EB39B}
		{14C645C0-5BF7-4C62-A498-60FBF0D5B439} = {827E0CD3-B72D-47B6-A68D-7590B98EB39B}
		{95B0BF10-2606-48A0-BCD9-0E79A218FEBC} = {AE08A63B-4524-423B-BC31-E5C4624D4758}
		{C4ADAF98-FB45-4671-9450-87B9344C103C} = {AE08A63B-4524-423B-BC31-E5C4624D4758}
		{5E628B04-26F5-41E1-932E-34AD52FE511B} = {827E0CD3-B72D-47B6-A68D-7590B98EB39B}
	EndGlobalSection
EndGlobal
